
Microsoft Visual Studio Solution File, Format Version 12.00
# Visual Studio Version 17
VisualStudioVersion = 17.9.34616.47
MinimumVisualStudioVersion = 10.0.40219.1
Project("{FAE04EC0-301F-11D3-BF4B-00C04F79EFBC}") = "L01P022019MD601", "L01P022019MD601\L01P022019MD601.csproj", "{A3CA212A-F29E-458A-8889-7B086E6110BA}"
EndProject
Global
	GlobalSection(SolutionConfigurationPlatforms) = preSolution
		Debug|Any CPU = Debug|Any CPU
		Release|Any CPU = Release|Any CPU
	EndGlobalSection
	GlobalSection(ProjectConfigurationPlatforms) = postSolution
		{A3CA212A-F29E-458A-8889-7B086E6110BA}.Debug|Any CPU.ActiveCfg = Debug|Any CPU
		{A3CA212A-F29E-458A-8889-7B086E6110BA}.Debug|Any CPU.Build.0 = Debug|Any CPU
		{A3CA212A-F29E-458A-8889-7B086E6110BA}.Release|Any CPU.ActiveCfg = Release|Any CPU
		{A3CA212A-F29E-458A-8889-7B086E6110BA}.Release|Any CPU.Build.0 = Release|Any CPU
	EndGlobalSection
	GlobalSection(SolutionProperties) = preSolution
		HideSolutionNode = FALSE
	EndGlobalSection
	GlobalSection(ExtensibilityGlobals) = postSolution
		SolutionGuid = {5B28DFF5-00F5-49A9-B082-B9BE2BB27565}
	EndGlobalSection
EndGlobal
